
Microsoft Visual Studio Solution File, Format Version 12.00
# Visual Studio Version 17
VisualStudioVersion = 17.3.32901.215
MinimumVisualStudioVersion = 10.0.40219.1
Project("{9A19103F-16F7-4668-BE54-9A1E7A4F7556}") = "StopBossInvasion", "StopBossInvasion\StopBossInvasion.csproj", "{6D1A2FA9-5E03-4338-BEC8-1A2551F428E5}"
EndProject
Project("{FAE04EC0-301F-11D3-BF4B-00C04F79EFBC}") = "ModToggleFix", "ModToggleFix\ModToggleFix.csproj", "{BAEB011F-0736-4B85-9FA3-0FEE69E1FB07}"
EndProject
Project("{FAE04EC0-301F-11D3-BF4B-00C04F79EFBC}") = "Speeder", "Speeder\Speeder.csproj", "{1349DFA9-A273-439E-B16B-9EB10AD156DF}"
EndProject
Project("{9A19103F-16F7-4668-BE54-9A1E7A4F7556}") = "RemoteWarehouse", "RemoteWarehouse\RemoteWarehouse.csproj", "{4AE8182F-1760-4EE3-8966-814A804ACDED}"
EndProject
Project("{FAE04EC0-301F-11D3-BF4B-00C04F79EFBC}") = "NPCScan", "NPCScan\NPCScan.csproj", "{8A06B2B3-490B-4A9E-9104-7E54A83F620A}"
EndProject
Project("{9A19103F-16F7-4668-BE54-9A1E7A4F7556}") = "NPCScanBackend", "NPCScanBackend\NPCScanBackend.csproj", "{9C566E3D-71A7-42FE-8C50-8F83A2373161}"
EndProject
Global
	GlobalSection(SolutionConfigurationPlatforms) = preSolution
		Debug|Any CPU = Debug|Any CPU
		Release|Any CPU = Release|Any CPU
	EndGlobalSection
	GlobalSection(ProjectConfigurationPlatforms) = postSolution
		{6D1A2FA9-5E03-4338-BEC8-1A2551F428E5}.Debug|Any CPU.ActiveCfg = Debug|Any CPU
		{6D1A2FA9-5E03-4338-BEC8-1A2551F428E5}.Debug|Any CPU.Build.0 = Debug|Any CPU
		{6D1A2FA9-5E03-4338-BEC8-1A2551F428E5}.Release|Any CPU.ActiveCfg = Release|Any CPU
		{6D1A2FA9-5E03-4338-BEC8-1A2551F428E5}.Release|Any CPU.Build.0 = Release|Any CPU
		{BAEB011F-0736-4B85-9FA3-0FEE69E1FB07}.Debug|Any CPU.ActiveCfg = Debug|Any CPU
		{BAEB011F-0736-4B85-9FA3-0FEE69E1FB07}.Debug|Any CPU.Build.0 = Debug|Any CPU
		{BAEB011F-0736-4B85-9FA3-0FEE69E1FB07}.Release|Any CPU.ActiveCfg = Release|Any CPU
		{BAEB011F-0736-4B85-9FA3-0FEE69E1FB07}.Release|Any CPU.Build.0 = Release|Any CPU
		{1349DFA9-A273-439E-B16B-9EB10AD156DF}.Debug|Any CPU.ActiveCfg = Debug|Any CPU
		{1349DFA9-A273-439E-B16B-9EB10AD156DF}.Debug|Any CPU.Build.0 = Debug|Any CPU
		{1349DFA9-A273-439E-B16B-9EB10AD156DF}.Release|Any CPU.ActiveCfg = Release|Any CPU
		{1349DFA9-A273-439E-B16B-9EB10AD156DF}.Release|Any CPU.Build.0 = Release|Any CPU
		{4AE8182F-1760-4EE3-8966-814A804ACDED}.Debug|Any CPU.ActiveCfg = Debug|Any CPU
		{4AE8182F-1760-4EE3-8966-814A804ACDED}.Debug|Any CPU.Build.0 = Debug|Any CPU
		{4AE8182F-1760-4EE3-8966-814A804ACDED}.Release|Any CPU.ActiveCfg = Release|Any CPU
		{4AE8182F-1760-4EE3-8966-814A804ACDED}.Release|Any CPU.Build.0 = Release|Any CPU
		{8A06B2B3-490B-4A9E-9104-7E54A83F620A}.Debug|Any CPU.ActiveCfg = Debug|Any CPU
		{8A06B2B3-490B-4A9E-9104-7E54A83F620A}.Debug|Any CPU.Build.0 = Debug|Any CPU
		{8A06B2B3-490B-4A9E-9104-7E54A83F620A}.Release|Any CPU.ActiveCfg = Release|Any CPU
		{8A06B2B3-490B-4A9E-9104-7E54A83F620A}.Release|Any CPU.Build.0 = Release|Any CPU
		{9C566E3D-71A7-42FE-8C50-8F83A2373161}.Debug|Any CPU.ActiveCfg = Debug|Any CPU
		{9C566E3D-71A7-42FE-8C50-8F83A2373161}.Debug|Any CPU.Build.0 = Debug|Any CPU
		{9C566E3D-71A7-42FE-8C50-8F83A2373161}.Release|Any CPU.ActiveCfg = Release|Any CPU
		{9C566E3D-71A7-42FE-8C50-8F83A2373161}.Release|Any CPU.Build.0 = Release|Any CPU
	EndGlobalSection
	GlobalSection(SolutionProperties) = preSolution
		HideSolutionNode = FALSE
	EndGlobalSection
	GlobalSection(ExtensibilityGlobals) = postSolution
		SolutionGuid = {FF225D27-1221-4A98-A841-50A3E0E7B314}
	EndGlobalSection
EndGlobal
